# THIS IS AN AUTOGENERATED FILE. DO NOT EDIT THIS FILE DIRECTLY.
# yarn lockfile v1


"@types/node@^14.14.9":
  version "14.14.9"
  resolved "https://registry.npm.taobao.org/@types/node/download/@types/node-14.14.9.tgz?cache=0&sync_timestamp=1605820092698&other_urls=https%3A%2F%2Fregistry.npm.taobao.org%2F%40types%2Fnode%2Fdownload%2F%40types%2Fnode-14.14.9.tgz#04afc9a25c6ff93da14deabd65dc44485b53c8d6"
  integrity sha1-BK/Jolxv+T2hTeq9ZdxESFtTyNY=

pdf.js-extract@^0.1.4:
  version "0.1.4"
  resolved "https://registry.npm.taobao.org/pdf.js-extract/download/pdf.js-extract-0.1.4.tgz#57ffef9cdca9014ec7378dc4c56fc2367cbe83af"
  integrity sha1-V//vnNypAU7HN43ExW/CNny+g68=
